
Microsoft Visual Studio Solution File, Format Version 12.00
# Visual Studio 15
VisualStudioVersion = 15.0.26730.12
MinimumVisualStudioVersion = 10.0.40219.1
Project("{FAE04EC0-301F-11D3-BF4B-00C04F79EFBC}") = "TSA_Tracker", "TSA_Tracker\TSA_Tracker.csproj", "{19CCEF4A-EC57-4CFD-92A9-6F0C1DD617A2}"
EndProject
Global
	GlobalSection(SolutionConfigurationPlatforms) = preSolution
		Debug|Any CPU = Debug|Any CPU
		Release|Any CPU = Release|Any CPU
	EndGlobalSection
	GlobalSection(ProjectConfigurationPlatforms) = postSolution
		{19CCEF4A-EC57-4CFD-92A9-6F0C1DD617A2}.Debug|Any CPU.ActiveCfg = Debug|Any CPU
		{19CCEF4A-EC57-4CFD-92A9-6F0C1DD617A2}.Debug|Any CPU.Build.0 = Debug|Any CPU
		{19CCEF4A-EC57-4CFD-92A9-6F0C1DD617A2}.Release|Any CPU.ActiveCfg = Release|Any CPU
		{19CCEF4A-EC57-4CFD-92A9-6F0C1DD617A2}.Release|Any CPU.Build.0 = Release|Any CPU
	EndGlobalSection
	GlobalSection(SolutionProperties) = preSolution
		HideSolutionNode = FALSE
	EndGlobalSection
	GlobalSection(ExtensibilityGlobals) = postSolution
		SolutionGuid = {84D3FC71-5835-4C34-AF94-8B0CD0E0482E}
	EndGlobalSection
EndGlobal
